<Solution>
  <Project Path="Application/Application.csproj" Id="d5010272-4775-4602-9913-59383ff4643b" />
  <Project Path="CoreFitness/CoreFitness.csproj" />
  <Project Path="Domain/Domain.csproj" Id="64e396a2-0a75-4c38-b9cd-3343e33f794f" />
  <Project Path="Infrastructure/Infrastructure.csproj" Id="ad7d565a-351c-4802-8559-6c48d9cf0539" />
</Solution>
